
Microsoft Visual Studio Solution File, Format Version 12.00
# Visual Studio Version 16
VisualStudioVersion = 16.0.31702.278
MinimumVisualStudioVersion = 10.0.40219.1
Project("{9A19103F-16F7-4668-BE54-9A1E7A4F7556}") = "Wasted", "Wasted.csproj", "{F834A7C1-CCD4-4F22-BC06-7994653810F2}"
EndProject
Project("{9A19103F-16F7-4668-BE54-9A1E7A4F7556}") = "WastedAPI", "..\Wasted.API\WastedAPI.csproj", "{AA67D776-E08C-4BF4-822A-48DDE02B216D}"
EndProject
Global
	GlobalSection(SolutionConfigurationPlatforms) = preSolution
		Debug|Any CPU = Debug|Any CPU
		Release|Any CPU = Release|Any CPU
	EndGlobalSection
	GlobalSection(ProjectConfigurationPlatforms) = postSolution
		{F834A7C1-CCD4-4F22-BC06-7994653810F2}.Debug|Any CPU.ActiveCfg = Debug|Any CPU
		{F834A7C1-CCD4-4F22-BC06-7994653810F2}.Debug|Any CPU.Build.0 = Debug|Any CPU
		{F834A7C1-CCD4-4F22-BC06-7994653810F2}.Release|Any CPU.ActiveCfg = Release|Any CPU
		{F834A7C1-CCD4-4F22-BC06-7994653810F2}.Release|Any CPU.Build.0 = Release|Any CPU
		{AA67D776-E08C-4BF4-822A-48DDE02B216D}.Debug|Any CPU.ActiveCfg = Debug|Any CPU
		{AA67D776-E08C-4BF4-822A-48DDE02B216D}.Debug|Any CPU.Build.0 = Debug|Any CPU
		{AA67D776-E08C-4BF4-822A-48DDE02B216D}.Release|Any CPU.ActiveCfg = Release|Any CPU
		{AA67D776-E08C-4BF4-822A-48DDE02B216D}.Release|Any CPU.Build.0 = Release|Any CPU
	EndGlobalSection
	GlobalSection(SolutionProperties) = preSolution
		HideSolutionNode = FALSE
	EndGlobalSection
	GlobalSection(ExtensibilityGlobals) = postSolution
		SolutionGuid = {683C8332-233F-4F91-98DE-7BF4E474FC5A}
	EndGlobalSection
EndGlobal
