
Microsoft Visual Studio Solution File, Format Version 12.00
# Visual Studio Version 16
VisualStudioVersion = 16.0.31624.102
MinimumVisualStudioVersion = 10.0.40219.1
Project("{9A19103F-16F7-4668-BE54-9A1E7A4F7556}") = "WastedAPI", "WastedAPI.csproj", "{C7402416-C515-40FA-8625-E741C09959D7}"
EndProject
Project("{9A19103F-16F7-4668-BE54-9A1E7A4F7556}") = "Wasted", "..\Wasted.WEB\Wasted.csproj", "{F4597B74-9E56-4AA5-A461-C5A7CCCA576C}"
EndProject
Global
	GlobalSection(SolutionConfigurationPlatforms) = preSolution
		Debug|Any CPU = Debug|Any CPU
		Release|Any CPU = Release|Any CPU
	EndGlobalSection
	GlobalSection(ProjectConfigurationPlatforms) = postSolution
		{C7402416-C515-40FA-8625-E741C09959D7}.Debug|Any CPU.ActiveCfg = Debug|Any CPU
		{C7402416-C515-40FA-8625-E741C09959D7}.Debug|Any CPU.Build.0 = Debug|Any CPU
		{C7402416-C515-40FA-8625-E741C09959D7}.Release|Any CPU.ActiveCfg = Release|Any CPU
		{C7402416-C515-40FA-8625-E741C09959D7}.Release|Any CPU.Build.0 = Release|Any CPU
		{F4597B74-9E56-4AA5-A461-C5A7CCCA576C}.Debug|Any CPU.ActiveCfg = Debug|Any CPU
		{F4597B74-9E56-4AA5-A461-C5A7CCCA576C}.Debug|Any CPU.Build.0 = Debug|Any CPU
		{F4597B74-9E56-4AA5-A461-C5A7CCCA576C}.Release|Any CPU.ActiveCfg = Release|Any CPU
		{F4597B74-9E56-4AA5-A461-C5A7CCCA576C}.Release|Any CPU.Build.0 = Release|Any CPU
	EndGlobalSection
	GlobalSection(SolutionProperties) = preSolution
		HideSolutionNode = FALSE
	EndGlobalSection
	GlobalSection(ExtensibilityGlobals) = postSolution
		SolutionGuid = {C60FF56E-7B04-4147-B0D3-E7698741B91E}
	EndGlobalSection
EndGlobal
